{
  "projects": [
    {
      "projectId": "seaQhLVS4bbjiGvJJrRwyL",
      "version": "15.0.3",
      "dependencies": {},
      "lang": "js",
      "fileLocks": [
        {
          "assetId": "seaQhLVS4bbjiGvJJrRwyL",
          "type": "projectCss",
          "checksum": "96d0c5256c70ddefc2366d3580ce9213"
        }
      ],
      "codegenVersion": "0.0.1"
    },
    {
      "projectId": "fSy7P8m5CurrEnhSnm4MYq",
      "version": "latest",
      "dependencies": {
        "seaQhLVS4bbjiGvJJrRwyL": "15.0.3"
      },
      "lang": "js",
      "fileLocks": [
        {
          "type": "globalVariant",
          "assetId": "scoIsVrrJ3mxvs",
          "checksum": "3406c34aa12ce7153758fa12a51d57a2"
        },
        {
          "assetId": "fSy7P8m5CurrEnhSnm4MYq",
          "type": "projectCss",
          "checksum": "876b9b1f4a2b0b4cdea97302c60e2a1b"
        },
        {
          "type": "renderModule",
          "assetId": "lK2paVvaZMjeG",
          "checksum": "4d89133a40b3223e3bbc46ad47ccc032"
        },
        {
          "type": "cssRules",
          "assetId": "lK2paVvaZMjeG",
          "checksum": "4d89133a40b3223e3bbc46ad47ccc032"
        },
        {
          "type": "renderModule",
          "assetId": "JnFZvO9rvWn6Y",
          "checksum": "bbd7a62e58b4296e83fb98c88dbabdad"
        },
        {
          "type": "cssRules",
          "assetId": "JnFZvO9rvWn6Y",
          "checksum": "bbd7a62e58b4296e83fb98c88dbabdad"
        },
        {
          "type": "renderModule",
          "assetId": "ObQUKE_7MIsrx",
          "checksum": "51c86a7e24668b3162d7ecba044d34c6"
        },
        {
          "type": "cssRules",
          "assetId": "ObQUKE_7MIsrx",
          "checksum": "51c86a7e24668b3162d7ecba044d34c6"
        },
        {
          "type": "renderModule",
          "assetId": "DdzCrfbkmh1AX",
          "checksum": "7e478a291a135ad93d6c7be01a048ed3"
        },
        {
          "type": "cssRules",
          "assetId": "DdzCrfbkmh1AX",
          "checksum": "7e478a291a135ad93d6c7be01a048ed3"
        },
        {
          "type": "renderModule",
          "assetId": "ofOgEvtbZPVXb",
          "checksum": "b1433bd0a37e0e6d45618c5779b82d9f"
        },
        {
          "type": "cssRules",
          "assetId": "ofOgEvtbZPVXb",
          "checksum": "b1433bd0a37e0e6d45618c5779b82d9f"
        },
        {
          "type": "renderModule",
          "assetId": "4lns-MLdUmc6s",
          "checksum": "cf3139b3307ba3841662f25c38c7de6a"
        },
        {
          "type": "cssRules",
          "assetId": "4lns-MLdUmc6s",
          "checksum": "cf3139b3307ba3841662f25c38c7de6a"
        },
        {
          "type": "renderModule",
          "assetId": "du4fqsAc8QpdwX",
          "checksum": "1c58632034cfb3605da564014396958c"
        },
        {
          "type": "cssRules",
          "assetId": "du4fqsAc8QpdwX",
          "checksum": "1c58632034cfb3605da564014396958c"
        },
        {
          "type": "renderModule",
          "assetId": "d43cUpLjf9DVsZ",
          "checksum": "acb7f61f58ee1b85b6ad1bbcf30d4775"
        },
        {
          "type": "cssRules",
          "assetId": "d43cUpLjf9DVsZ",
          "checksum": "acb7f61f58ee1b85b6ad1bbcf30d4775"
        },
        {
          "type": "renderModule",
          "assetId": "eD5C4H3qNPOl3b",
          "checksum": "483b5e43b2c8e8892a8a804573e88938"
        },
        {
          "type": "cssRules",
          "assetId": "eD5C4H3qNPOl3b",
          "checksum": "483b5e43b2c8e8892a8a804573e88938"
        },
        {
          "type": "renderModule",
          "assetId": "kiI0xDE2vkhN5H",
          "checksum": "31297ad62293f56913acc40cb6a6f231"
        },
        {
          "type": "cssRules",
          "assetId": "kiI0xDE2vkhN5H",
          "checksum": "31297ad62293f56913acc40cb6a6f231"
        },
        {
          "type": "renderModule",
          "assetId": "mufD1Bcl0xYq3K",
          "checksum": "a6aa41a163cda7015afe4fc6be472d68"
        },
        {
          "type": "cssRules",
          "assetId": "mufD1Bcl0xYq3K",
          "checksum": "a6aa41a163cda7015afe4fc6be472d68"
        },
        {
          "type": "renderModule",
          "assetId": "O1O783gpWsJcwU",
          "checksum": "cf637b3ab905c53c100b27abf3ee8717"
        },
        {
          "type": "cssRules",
          "assetId": "O1O783gpWsJcwU",
          "checksum": "cf637b3ab905c53c100b27abf3ee8717"
        },
        {
          "type": "renderModule",
          "assetId": "bz2GLGTPQUDwNx",
          "checksum": "a35aa78576c63d06c6bc596f757613e6"
        },
        {
          "type": "cssRules",
          "assetId": "bz2GLGTPQUDwNx",
          "checksum": "a35aa78576c63d06c6bc596f757613e6"
        },
        {
          "type": "renderModule",
          "assetId": "A8Xkixd80oP1vB",
          "checksum": "b1241814e7722a295c362e05bf20579d"
        },
        {
          "type": "cssRules",
          "assetId": "A8Xkixd80oP1vB",
          "checksum": "b1241814e7722a295c362e05bf20579d"
        },
        {
          "type": "renderModule",
          "assetId": "g_t4np_QWPue05",
          "checksum": "b508ab4950433bd9d486652ce1df9f1c"
        },
        {
          "type": "cssRules",
          "assetId": "g_t4np_QWPue05",
          "checksum": "b508ab4950433bd9d486652ce1df9f1c"
        },
        {
          "type": "renderModule",
          "assetId": "9MQEQlBxnHLy_F",
          "checksum": "b4b879d1a782be0be561fde1f8a6e710"
        },
        {
          "type": "cssRules",
          "assetId": "9MQEQlBxnHLy_F",
          "checksum": "b4b879d1a782be0be561fde1f8a6e710"
        },
        {
          "type": "renderModule",
          "assetId": "cm2EE3IJeXeZJo",
          "checksum": "19008433c3cec4e038271ae59bdfabe7"
        },
        {
          "type": "cssRules",
          "assetId": "cm2EE3IJeXeZJo",
          "checksum": "19008433c3cec4e038271ae59bdfabe7"
        },
        {
          "type": "icon",
          "assetId": "PnfauhhL6ONRpn",
          "checksum": "aa4f5c7ea05365ce0847465fe870f12e"
        },
        {
          "type": "icon",
          "assetId": "GmOKSvKGJ-chAs",
          "checksum": "5fc676842b3ae156b86db32dfffc1659"
        },
        {
          "type": "icon",
          "assetId": "Q1T90rP9LoZBek",
          "checksum": "5b9b8b8b93982d00aa0990a262f38494"
        },
        {
          "type": "icon",
          "assetId": "5zkoHmwXXHuNY4",
          "checksum": "013d0bc4347e4bbe67f9996d6f06e45d"
        },
        {
          "type": "icon",
          "assetId": "yaeNOU_uFgG-Cb",
          "checksum": "5500b49ba1c77f0d4410582137ca226c"
        },
        {
          "type": "icon",
          "assetId": "aQdsUzOZQ5-lV3",
          "checksum": "fa0e3d5f15704d71eca82697a3a6ef31"
        },
        {
          "type": "icon",
          "assetId": "7zqOBGsI8L3dmk",
          "checksum": "187e540397e285265c5e57f54131a935"
        },
        {
          "type": "icon",
          "assetId": "6Kc24hLtTKNtXS",
          "checksum": "99effe2d5acb8a5a503e9cf54da4a3ea"
        },
        {
          "type": "icon",
          "assetId": "GIwX4QlOJBZhSm",
          "checksum": "6076af95b8c05129c9267c8c964c82fc"
        },
        {
          "type": "icon",
          "assetId": "u10H_8NNNUw35M",
          "checksum": "49429b9cc4ebbb4187f4b79bee106cf5"
        },
        {
          "type": "icon",
          "assetId": "SZ7F5yorX6TxeY",
          "checksum": "1a5b695ec82c3dc9fbd1bffb21033a2a"
        },
        {
          "type": "icon",
          "assetId": "iEnKa79J3COOrk",
          "checksum": "4548e3ee2c0e3eccdc932521ce275cf2"
        },
        {
          "type": "icon",
          "assetId": "Q_1__qap2EO2Z4",
          "checksum": "740e9fc5909da4a441a0a6ed2205fb32"
        },
        {
          "type": "icon",
          "assetId": "ZHSiHJqc4HFIp0",
          "checksum": "33dec33cbc1a67d3bf32b30e9a58d8c3"
        },
        {
          "type": "icon",
          "assetId": "mYcMzv9NFvgHk1",
          "checksum": "19d09fc405d8637597c2b1da36977c3d"
        },
        {
          "type": "icon",
          "assetId": "rcDxD7M4Gr1yNY",
          "checksum": "1db07575ef1207a7e7adca2ec92e0018"
        },
        {
          "type": "icon",
          "assetId": "TqwyEyCroF2LzS",
          "checksum": "6c5f39e4bff5e0d38a91a3d99d93c5bb"
        },
        {
          "type": "icon",
          "assetId": "Gmwgt-ntuvFQ0s",
          "checksum": "ff895bb80f5a7328096d1e5c5b2b48c6"
        },
        {
          "type": "icon",
          "assetId": "D1w6So1h_GCkWU",
          "checksum": "4518ae352668857f7f64f374bcc8a20e"
        },
        {
          "type": "icon",
          "assetId": "eklPupBSlSF1MP",
          "checksum": "416f2099a2435270255593349aaa85cd"
        },
        {
          "type": "icon",
          "assetId": "2MOz5hvjtvOoTF",
          "checksum": "41740026cf59061896112e9e60ebfef2"
        },
        {
          "type": "icon",
          "assetId": "6o_9QeUTK4dkDS",
          "checksum": "44d7864f8ad101dd6027b25d9a1745f9"
        },
        {
          "type": "image",
          "assetId": "y4PAvCVZfTSlIw",
          "checksum": "f3f52e3223f308db359a5b5d175180a2"
        },
        {
          "type": "image",
          "assetId": "6x4J1_LqnWWmWY",
          "checksum": "255570250e0cd11676024fe7cd1be480"
        },
        {
          "type": "image",
          "assetId": "eZRf30GzMNmr1j",
          "checksum": "9b17bacbf2fdee938ef4ef649255f564"
        },
        {
          "type": "image",
          "assetId": "BAhxLYtzcCnVLV",
          "checksum": "fa5b616364659d142b0b82b8b7c4c443"
        }
      ],
      "codegenVersion": "0.0.1"
    }
  ],
  "cliVersion": "0.1.178"
}
